<Solution>
	<Folder Name="/Sources/">
		<Project Path="src/Domain/Basil.Domain.csproj" />
		<Project Path="src/Infrastructure/Basil.Infrastructure.csproj" />
	</Folder>
	<Folder Name="/Sources/Application/Services/">
		<Project Path="src/Application/Services/Contracts/Basil.Application.Services.Contracts.csproj" />
		<Project Path="src/Application/Services/Implementations/Basil.Application.Services.Implementations.csproj" />
	</Folder>
	<Folder Name="/Sources/Application/Storage/">
		<Project Path="src/Application/Storage/Contracts/Basil.Application.Storage.Contracts.csproj" />
		<Project Path="src/Application/Storage/Implementations/Basil.Application.Storage.Implementations.csproj" />
	</Folder>
	<Folder Name="/Sources/Hosts/">
		<Project Path="src/Hosts/Bancho/Basil.Host.Bancho.csproj" />
		<Project Path="src/Hosts/Irc/Basil.Host.Irc.csproj" />
		<Project Path="src/Hosts/Api/Basil.Host.Api.csproj" />
		<Project Path="src/Hosts/Host/Basil.Host.csproj" />
	</Folder>
	<Folder Name="/Sources/Protocol/">
		<Project Path="src/Protocol/Bancho/Basil.Protocol.Bancho.csproj" />
		<Project Path="src/Protocol/Irc/Basil.Protocol.Irc.csproj" />
	</Folder>
	<Folder Name="/Tests/">
		<Project Path="tests/Basil.ArchitectureTests/Basil.ArchitectureTests.csproj" />
		<Project Path="tests/Basil.IntegrationTests/Basil.IntegrationTests.csproj" />
		<Project Path="tests/Basil.LoadTests/Basil.LoadTests.csproj" />
	</Folder>
	<Folder Name="/Tests/Units/">
		<Project Path="tests/Basil.Application.Tests/Basil.Application.Tests.csproj" />
		<Project Path="tests/Basil.Domain.Tests/Basil.Domain.Tests.csproj" />
		<Project Path="tests/Basil.Infrastructure.Tests/Basil.Infrastructure.Tests.csproj" />
	</Folder>
	<Folder Name="/Tests/Units/Hosts/">
		<Project Path="tests/Basil.Host.Api.Tests/Basil.Host.Api.Tests.csproj" />
		<Project Path="tests/Basil.Host.Bancho.Tests/Basil.Host.Bancho.Tests.csproj" />
		<Project Path="tests/Basil.Host.Irc.Tests/Basil.Host.Irc.Tests.csproj" />
		<Project Path="tests/Basil.Host.Tests/Basil.Host.Tests.csproj" />
	</Folder>
	<Folder Name="/Tests/Units/Protocol/">
		<Project Path="tests/Basil.Protocol.Bancho.Tests/Basil.Protocol.Bancho.Tests.csproj" />
		<Project Path="tests/Basil.Protocol.Irc.Tests/Basil.Protocol.Irc.Tests.csproj" />
	</Folder>
</Solution>
