# This file is automatically @generated by Cargo.
# It is not intended for manual editing.
version = 4

[[package]]
name = "akatsuki-pp"
version = "1.0.1"
source = "git+https://github.com/osuAkatsuki/akatsuki-pp-rs?rev=b96019f50aa7d09bcbde60016481a69df04315e4#b96019f50aa7d09bcbde60016481a69df04315e4"

[[package]]
name = "bancho-pp-ffi"
version = "0.1.0"
dependencies = [
 "akatsuki-pp",
]
